
Microsoft Visual Studio Solution File, Format Version 12.00
# Visual Studio Version 16
VisualStudioVersion = 16.0.31624.102
MinimumVisualStudioVersion = 10.0.40219.1
Project("{FAE04EC0-301F-11D3-BF4B-00C04F79EFBC}") = "ExerciseWeather.Android", "ExerciseWeather\ExerciseWeather.Android\ExerciseWeather.Android.csproj", "{1279AC96-79DA-4B79-A057-89049B356E23}"
EndProject
Project("{9A19103F-16F7-4668-BE54-9A1E7A4F7556}") = "ExerciseWeather", "ExerciseWeather\ExerciseWeather\ExerciseWeather.csproj", "{C0A24AA5-E1DC-42C8-B841-13A5C477C89F}"
EndProject
Project("{FAE04EC0-301F-11D3-BF4B-00C04F79EFBC}") = "ExerciseWeather.UnitTests", "ExerciseWeather.UnitTests\ExerciseWeather.UnitTests.csproj", "{28C61677-9FC7-4B8F-B83D-EA6C73E32F3B}"
EndProject
Global
	GlobalSection(SolutionConfigurationPlatforms) = preSolution
		Debug|Any CPU = Debug|Any CPU
		Release|Any CPU = Release|Any CPU
	EndGlobalSection
	GlobalSection(ProjectConfigurationPlatforms) = postSolution
		{1279AC96-79DA-4B79-A057-89049B356E23}.Debug|Any CPU.ActiveCfg = Debug|Any CPU
		{1279AC96-79DA-4B79-A057-89049B356E23}.Debug|Any CPU.Build.0 = Debug|Any CPU
		{1279AC96-79DA-4B79-A057-89049B356E23}.Debug|Any CPU.Deploy.0 = Debug|Any CPU
		{1279AC96-79DA-4B79-A057-89049B356E23}.Release|Any CPU.ActiveCfg = Release|Any CPU
		{1279AC96-79DA-4B79-A057-89049B356E23}.Release|Any CPU.Build.0 = Release|Any CPU
		{1279AC96-79DA-4B79-A057-89049B356E23}.Release|Any CPU.Deploy.0 = Release|Any CPU
		{C0A24AA5-E1DC-42C8-B841-13A5C477C89F}.Debug|Any CPU.ActiveCfg = Debug|Any CPU
		{C0A24AA5-E1DC-42C8-B841-13A5C477C89F}.Debug|Any CPU.Build.0 = Debug|Any CPU
		{C0A24AA5-E1DC-42C8-B841-13A5C477C89F}.Debug|Any CPU.Deploy.0 = Debug|Any CPU
		{C0A24AA5-E1DC-42C8-B841-13A5C477C89F}.Release|Any CPU.ActiveCfg = Release|Any CPU
		{C0A24AA5-E1DC-42C8-B841-13A5C477C89F}.Release|Any CPU.Build.0 = Release|Any CPU
		{C0A24AA5-E1DC-42C8-B841-13A5C477C89F}.Release|Any CPU.Deploy.0 = Release|Any CPU
		{28C61677-9FC7-4B8F-B83D-EA6C73E32F3B}.Debug|Any CPU.ActiveCfg = Debug|Any CPU
		{28C61677-9FC7-4B8F-B83D-EA6C73E32F3B}.Debug|Any CPU.Build.0 = Debug|Any CPU
		{28C61677-9FC7-4B8F-B83D-EA6C73E32F3B}.Release|Any CPU.ActiveCfg = Release|Any CPU
		{28C61677-9FC7-4B8F-B83D-EA6C73E32F3B}.Release|Any CPU.Build.0 = Release|Any CPU
	EndGlobalSection
	GlobalSection(SolutionProperties) = preSolution
		HideSolutionNode = FALSE
	EndGlobalSection
	GlobalSection(ExtensibilityGlobals) = postSolution
		SolutionGuid = {6D9D1842-35CF-4308-8DF5-B277BFDCE79B}
	EndGlobalSection
EndGlobal
